
Microsoft Visual Studio Solution File, Format Version 12.00
# Visual Studio Version 16
VisualStudioVersion = 16.0.32228.343
MinimumVisualStudioVersion = 10.0.40219.1
Project("{FAE04EC0-301F-11D3-BF4B-00C04F79EFBC}") = "par_ou_impar", "Par-ou-Impar\par_ou_impar.csproj", "{379D04B0-318C-445B-AC96-3E705FA7F4D7}"
EndProject
Global
	GlobalSection(SolutionConfigurationPlatforms) = preSolution
		Debug|Any CPU = Debug|Any CPU
		Release|Any CPU = Release|Any CPU
	EndGlobalSection
	GlobalSection(ProjectConfigurationPlatforms) = postSolution
		{379D04B0-318C-445B-AC96-3E705FA7F4D7}.Debug|Any CPU.ActiveCfg = Debug|Any CPU
		{379D04B0-318C-445B-AC96-3E705FA7F4D7}.Debug|Any CPU.Build.0 = Debug|Any CPU
		{379D04B0-318C-445B-AC96-3E705FA7F4D7}.Release|Any CPU.ActiveCfg = Release|Any CPU
		{379D04B0-318C-445B-AC96-3E705FA7F4D7}.Release|Any CPU.Build.0 = Release|Any CPU
	EndGlobalSection
	GlobalSection(SolutionProperties) = preSolution
		HideSolutionNode = FALSE
	EndGlobalSection
	GlobalSection(ExtensibilityGlobals) = postSolution
		SolutionGuid = {0C1CA7D8-69B4-4FBE-A660-69D9F1840D33}
	EndGlobalSection
EndGlobal
